[[package]]
name = "cvxopt"
version = "1.2.7"
description = "Convex optimization package"
category = "main"
optional = false
python-versions = ">=2.7, !=3.0.*, !=3.1.*, !=3.2.*, !=3.3.*, !=3.4.*"

[[package]]
name = "cvxpy"
version = "1.1.18"
description = "A domain-specific language for modeling convex optimization problems in Python."
category = "main"
optional = false
python-versions = ">=3.6"

[package.dependencies]
ecos = ">=2"
numpy = ">=1.15"
osqp = ">=0.4.1"
scipy = ">=1.1.0"
scs = ">=1.1.6"

[[package]]
name = "ecos"
version = "2.0.10"
description = "This is the Python package for ECOS: Embedded Cone Solver. See Github page for more information."
category = "main"
optional = false
python-versions = "*"

[package.dependencies]
numpy = ">=1.6"
scipy = ">=0.9"

[[package]]
name = "numpy"
version = "1.22.2"
description = "NumPy is the fundamental package for array computing with Python."
category = "main"
optional = false
python-versions = ">=3.8"

[[package]]
name = "osqp"
version = "0.6.2.post5"
description = "OSQP: The Operator Splitting QP Solver"
category = "main"
optional = false
python-versions = "*"

[package.dependencies]
numpy = ">=1.7"
qdldl = "*"
scipy = ">=0.13.2"

[[package]]
name = "pandas"
version = "1.4.1"
description = "Powerful data structures for data analysis, time series, and statistics"
category = "main"
optional = false
python-versions = ">=3.8"

[package.dependencies]
numpy = [
    {version = ">=1.18.5", markers = "platform_machine != \"aarch64\" and platform_machine != \"arm64\" and python_version < \"3.10\""},
    {version = ">=1.19.2", markers = "platform_machine == \"aarch64\" and python_version < \"3.10\""},
    {version = ">=1.20.0", markers = "platform_machine == \"arm64\" and python_version < \"3.10\""},
    {version = ">=1.21.0", markers = "python_version >= \"3.10\""},
]
python-dateutil = ">=2.8.1"
pytz = ">=2020.1"

[package.extras]
test = ["hypothesis (>=5.5.3)", "pytest (>=6.0)", "pytest-xdist (>=1.31)"]

[[package]]
name = "python-dateutil"
version = "2.8.2"
description = "Extensions to the standard Python datetime module"
category = "main"
optional = false
python-versions = "!=3.0.*,!=3.1.*,!=3.2.*,>=2.7"

[package.dependencies]
six = ">=1.5"

[[package]]
name = "pytz"
version = "2021.3"
description = "World timezone definitions, modern and historical"
category = "main"
optional = false
python-versions = "*"

[[package]]
name = "qdldl"
version = "0.1.5.post0"
description = "QDLDL, a free LDL factorization routine."
category = "main"
optional = false
python-versions = "*"

[package.dependencies]
numpy = ">=1.7"
scipy = ">=0.13.2"

[[package]]
name = "scipy"
version = "1.6.1"
description = "SciPy: Scientific Library for Python"
category = "main"
optional = false
python-versions = ">=3.7"

[package.dependencies]
numpy = ">=1.16.5"

[[package]]
name = "scs"
version = "3.2.0"
description = "scs: splitting conic solver"
category = "main"
optional = false
python-versions = "*"

[package.dependencies]
numpy = ">=1.7"
scipy = ">=0.13.2"

[[package]]
name = "six"
version = "1.16.0"
description = "Python 2 and 3 compatibility utilities"
category = "main"
optional = false
python-versions = ">=2.7, !=3.0.*, !=3.1.*, !=3.2.*"

[metadata]
lock-version = "1.1"
python-versions = "^3.8"
content-hash = "18fdf6ea36da86301f1c7249d39281f0c5f7dd5888122ddcc15164eb3d660c8d"

[metadata.files]
cvxopt = [
    {file = "cvxopt-1.2.7-cp27-cp27m-macosx_10_9_x86_64.whl", hash = "sha256:dd87afaa82bc4f0b4436eeeee0c0c86cd504bf519d7b0fe28057be7479676b51"},
    {file = "cvxopt-1.2.7-cp310-cp310-manylinux_2_17_x86_64.manylinux2014_x86_64.whl", hash = "sha256:b2c30772b8d0cd4ae528af60c3ac732c07670c65f0539746f9a30eb14c5d7a17"},
    {file = "cvxopt-1.2.7-cp35-cp35m-macosx_10_6_intel.whl", hash = "sha256:803a1c2bdce5f15fe0f20f0a26e39a251cede121091317f91ef1bcfd73f7ef38"},
    {file = "cvxopt-1.2.7-cp35-cp35m-win32.whl", hash = "sha256:0cdf9abac90cdd727558f57588e776f6cdb12362f6adf2cb4d2b6d629d9125c8"},
    {file = "cvxopt-1.2.7-cp35-cp35m-win_amd64.whl", hash = "sha256:6cd7e6cd626e202b085995e63805b645567bfe3bd133cdc2cdb89b9842062081"},
    {file = "cvxopt-1.2.7-cp36-cp36m-macosx_10_9_x86_64.whl", hash = "sha256:4ed667bd82f91b832d33f14f535deb66c8eb0a3ad0c5f9e9cbd0a10523ff79bc"},
    {file = "cvxopt-1.2.7-cp36-cp36m-manylinux_2_17_x86_64.manylinux2014_x86_64.whl", hash = "sha256:ec6e46c3392adaae455286aab02daf03ccf3878a543de4c18f11ea6e1131c74b"},
    {file = "cvxopt-1.2.7-cp36-cp36m-win32.whl", hash = "sha256:ac02d62a311b84d3b88ea8472052d85e72714e96024608542d48eb04a788b4d7"},
    {file = "cvxopt-1.2.7-cp36-cp36m-win_amd64.whl", hash = "sha256:2c292500d8252d6895ab998f84d7c1724a272ee4e9851ca74b2947429cb2b087"},
    {file = "cvxopt-1.2.7-cp37-cp37m-macosx_10_9_x86_64.whl", hash = "sha256:c91ae903b69cc1bed7a58ea1bbc74f19daec9f03a7d09c41abb21c5328d2ea58"},
    {file = "cvxopt-1.2.7-cp37-cp37m-manylinux_2_17_x86_64.manylinux2014_x86_64.whl", hash = "sha256:bc0d997e8ca3fb8eab733cc7c32eff8137890637de24f7b0d892ad185fbc54e6"},
    {file = "cvxopt-1.2.7-cp37-cp37m-win32.whl", hash = "sha256:22fb842920fcaf8adb9a60cf9af9401363b32430150986d7191e9504b0235254"},
    {file = "cvxopt-1.2.7-cp37-cp37m-win_amd64.whl", hash = "sha256:b55ebc43095ca29b4c835bdc22f2a2c4df06ccbbb9fa6a7e6096dceefd412b4f"},
    {file = "cvxopt-1.2.7-cp38-cp38-macosx_10_9_x86_64.whl", hash = "sha256:6c6fa32cc49eaa89f8ed00c03e4717854827e0753c7da0026e934d5c24c5dd28"},
    {file = "cvxopt-1.2.7-cp38-cp38-manylinux_2_17_x86_64.manylinux2014_x86_64.whl", hash = "sha256:8002390c4a8b55fbf4011cf6e663f0b219459edf2423e9791e393b92e41cf8c8"},
    {file = "cvxopt-1.2.7-cp38-cp38-win32.whl", hash = "sha256:1381315f68f728a3fab4eba1c2352605f074b10494ebe8fe008b0947ce13b589"},
    {file = "cvxopt-1.2.7-cp38-cp38-win_amd64.whl", hash = "sha256:712975afb3ed3d14dea2ab1eca774b70f2b58db61a88e70708c912e15339113c"},
    {file = "cvxopt-1.2.7-cp39-cp39-macosx_10_9_x86_64.whl", hash = "sha256:fac53f7d2814278475ecd9f2f22e997a92fbf7f044672caee946d9773c79fef9"},
    {file = "cvxopt-1.2.7-cp39-cp39-manylinux_2_17_x86_64.manylinux2014_x86_64.whl", hash = "sha256:03bbfe48b9d6148064cc5af9cfb288de3c99cbe93601aa2de65c61d3c7253bad"},
    {file = "cvxopt-1.2.7-cp39-cp39-win32.whl", hash = "sha256:97262506af8c5fffadcabb4b0ed9caa67ab94c46e08e16b563736a274f7b8601"},
    {file = "cvxopt-1.2.7-cp39-cp39-win_amd64.whl", hash = "sha256:b6604befe48283f6d71a31d10a6a286e13c11644dd34e108d873293aa5ccec8d"},
    {file = "cvxopt-1.2.7.tar.gz", hash = "sha256:3f9db1f4d4e820aaea81d6fc21054c89dc6327c84f935dd5a1eda1af11e1d504"},
]
cvxpy = [
    {file = "cvxpy-1.1.18-cp310-cp310-macosx_10_9_x86_64.whl", hash = "sha256:80018d9a4478253cc27d6d87677c4ba35908bf52e71a94e4beba5639c39f283d"},
    {file = "cvxpy-1.1.18-cp310-cp310-manylinux_2_24_x86_64.whl", hash = "sha256:d3c35f47032ba15af0ae5b7d4b44ed8dd287e27101f1a264295dd4885f8aea70"},
    {file = "cvxpy-1.1.18-cp310-cp310-win_amd64.whl", hash = "sha256:20b9f214f092ff5dec8e8b56ddb365690d8e02f6bd005ee9b59367150e3efd05"},
    {file = "cvxpy-1.1.18-cp36-cp36m-macosx_10_9_x86_64.whl", hash = "sha256:d853b73aca9223901b1de4dcd8c71d9732e7d38e915008956aa13fa2920d2652"},
    {file = "cvxpy-1.1.18-cp36-cp36m-manylinux_2_24_x86_64.whl", hash = "sha256:254683742bcd4427eaa17ca44675b540690e043782d467c4c68d1d4ef003c062"},
    {file = "cvxpy-1.1.18-cp36-cp36m-win_amd64.whl", hash = "sha256:6d2dd80550b9ab5f36a3961c64b51d70f364bd375565400534af65b5cf590787"},
    {file = "cvxpy-1.1.18-cp37-cp37m-macosx_10_9_x86_64.whl", hash = "sha256:e634c5afa8d4c7db9691d2fb9f982fcf9be41bf3fb8c781e47816fa290acbdbb"},
    {file = "cvxpy-1.1.18-cp37-cp37m-manylinux_2_24_x86_64.whl", hash = "sha256:d84fb6de19c998a4db8e442d2d5d5c155b983ca4f1833fd79fb6ad47c092f349"},
    {file = "cvxpy-1.1.18-cp37-cp37m-win_amd64.whl", hash = "sha256:d21d81ab76f6fae44090c19b9a802e42e8af440d9a505be892c1e6766621e4a6"},
    {file = "cvxpy-1.1.18-cp38-cp38-macosx_10_9_x86_64.whl", hash = "sha256:ec5371c339cd35cb47fc8e9f7e6dff22e20612fdfa6b17dc508fc513130337ba"},
    {file = "cvxpy-1.1.18-cp38-cp38-manylinux_2_24_x86_64.whl", hash = "sha256:2699db1cc889fd2e0ea459f022866fcc1182241f4520c5550ca5136ef06c5246"},
    {file = "cvxpy-1.1.18-cp38-cp38-win_amd64.whl", hash = "sha256:022c8d9c82d2f00535e1d08761e88aa5c1729ee685dfb2ea60465693f54550c1"},
    {file = "cvxpy-1.1.18-cp39-cp39-macosx_10_9_x86_64.whl", hash = "sha256:9f82ca609e34577062940d5c32bc1f687fcf83d39ca92ec0d04fb1f290b43355"},
    {file = "cvxpy-1.1.18-cp39-cp39-manylinux_2_24_x86_64.whl", hash = "sha256:569f7298539a2bd8704209628af11ecf1bca0cff2d5e27c46b57ffea921a01cf"},
    {file = "cvxpy-1.1.18-cp39-cp39-win_amd64.whl", hash = "sha256:2eb079877d23f03494141102d6cf9d3139edf5e1dc07bfa3f767f4c79e837ecb"},
    {file = "cvxpy-1.1.18.tar.gz", hash = "sha256:5baefe1f2ed6937749b293586c6ce4f42ed30e7890223f7661ccb2bb7df70bef"},
]
ecos = [
    {file = "ecos-2.0.10-cp310-cp310-macosx_10_9_x86_64.whl", hash = "sha256:533e1a0dec84e4e9a882b401a59b821da192f7fe4f32c6d65e400b6425858775"},
    {file = "ecos-2.0.10-cp310-cp310-manylinux_2_17_x86_64.manylinux2014_x86_64.manylinux_2_24_x86_64.whl", hash = "sha256:9b1e8134e822583f457d7759cab030e6076732bcbe977ceb1c64d8fe99c17bc3"},
    {file = "ecos-2.0.10-cp310-cp310-win_amd64.whl", hash = "sha256:d1b7058c71808cb35e16217b832d2bf944f9a64ef852f6bd707ae66b474071e6"},
    {file = "ecos-2.0.10-cp36-cp36m-macosx_10_9_x86_64.whl", hash = "sha256:ae8bf83a9146741faaf36448eaeeef83b4dd7a9e88b80fe0e89b03d403e3096c"},
    {file = "ecos-2.0.10-cp36-cp36m-manylinux_2_17_x86_64.manylinux2014_x86_64.manylinux_2_24_x86_64.whl", hash = "sha256:6bfe0211b99094efea0c469abbd64a7f6b991dcf0a8bed7c591c6218607a9504"},
    {file = "ecos-2.0.10-cp36-cp36m-win_amd64.whl", hash = "sha256:14deff01083fe8f54c52bee8f678eaebae54bc1eecce276324bf8ce30c306778"},
    {file = "ecos-2.0.10-cp37-cp37m-macosx_10_9_x86_64.whl", hash = "sha256:d5944f9acdfd1d23fb16a22da1e78ae98981c283e16a27fbd7cf3d52e670222b"},
    {file = "ecos-2.0.10-cp37-cp37m-manylinux_2_17_x86_64.manylinux2014_x86_64.manylinux_2_24_x86_64.whl", hash = "sha256:8f64207b256ec8ee2ee54411927604b10e56b554bd608c7af5529c3bea93eafd"},
    {file = "ecos-2.0.10-cp37-cp37m-win_amd64.whl", hash = "sha256:13cfe9a4134b7a2f3a8f4b8d88ce5d5106bac3d168c356b0d77e1dd2ea9dc42d"},
    {file = "ecos-2.0.10-cp38-cp38-macosx_10_9_x86_64.whl", hash = "sha256:8a116ebad51aeb8847ddf05bb1e432f56f6a495682406f237a7f1633374b8356"},
    {file = "ecos-2.0.10-cp38-cp38-manylinux_2_17_x86_64.manylinux2014_x86_64.manylinux_2_24_x86_64.whl", hash = "sha256:6ed5ee0610b06911b6839e095a392cce52f8d88bedf86a381a9ed93c3af2a677"},
    {file = "ecos-2.0.10-cp38-cp38-win_amd64.whl", hash = "sha256:d8afaeb204c6cbb706ebee218e3817a735ba9f7b33edc20844e6fda54946403c"},
    {file = "ecos-2.0.10-cp39-cp39-macosx_10_9_x86_64.whl", hash = "sha256:b25f75808a2e136b8adc9c4dca0f3c56fc8d8256fb3c19cd162194125b4e52a9"},
    {file = "ecos-2.0.10-cp39-cp39-manylinux_2_17_x86_64.manylinux2014_x86_64.manylinux_2_24_x86_64.whl", hash = "sha256:48948eadd2e45dd9766f0686e3de27cc6ae8e9dc85c1a2139f712b9703b0374c"},
    {file = "ecos-2.0.10-cp39-cp39-win_amd64.whl", hash = "sha256:98c8e3b7247e7c63852974a9c4b1acc5804269b50a1aba3447220cad5e4c617f"},
    {file = "ecos-2.0.10.tar.gz", hash = "sha256:9391a73fd25b2fc56b163a2a70c78973458bb194fe475b6c27672c0d980a47cf"},
]
numpy = [
    {file = "numpy-1.22.2-cp310-cp310-macosx_10_14_x86_64.whl", hash = "sha256:515a8b6edbb904594685da6e176ac9fbea8f73a5ebae947281de6613e27f1956"},
    {file = "numpy-1.22.2-cp310-cp310-macosx_11_0_arm64.whl", hash = "sha256:76a4f9bce0278becc2da7da3b8ef854bed41a991f4226911a24a9711baad672c"},
    {file = "numpy-1.22.2-cp310-cp310-manylinux_2_17_aarch64.manylinux2014_aarch64.whl", hash = "sha256:168259b1b184aa83a514f307352c25c56af111c269ffc109d9704e81f72e764b"},
    {file = "numpy-1.22.2-cp310-cp310-manylinux_2_17_x86_64.manylinux2014_x86_64.whl", hash = "sha256:3556c5550de40027d3121ebbb170f61bbe19eb639c7ad0c7b482cd9b560cd23b"},
    {file = "numpy-1.22.2-cp310-cp310-win_amd64.whl", hash = "sha256:aafa46b5a39a27aca566198d3312fb3bde95ce9677085efd02c86f7ef6be4ec7"},
    {file = "numpy-1.22.2-cp38-cp38-macosx_10_14_x86_64.whl", hash = "sha256:55535c7c2f61e2b2fc817c5cbe1af7cb907c7f011e46ae0a52caa4be1f19afe2"},
    {file = "numpy-1.22.2-cp38-cp38-macosx_11_0_arm64.whl", hash = "sha256:60cb8e5933193a3cc2912ee29ca331e9c15b2da034f76159b7abc520b3d1233a"},
    {file = "numpy-1.22.2-cp38-cp38-manylinux_2_17_aarch64.manylinux2014_aarch64.whl", hash = "sha256:0b536b6840e84c1c6a410f3a5aa727821e6108f3454d81a5cd5900999ef04f89"},
    {file = "numpy-1.22.2-cp38-cp38-manylinux_2_17_x86_64.manylinux2014_x86_64.whl", hash = "sha256:2638389562bda1635b564490d76713695ff497242a83d9b684d27bb4a6cc9d7a"},
    {file = "numpy-1.22.2-cp38-cp38-win32.whl", hash = "sha256:6767ad399e9327bfdbaa40871be4254d1995f4a3ca3806127f10cec778bd9896"},
    {file = "numpy-1.22.2-cp38-cp38-win_amd64.whl", hash = "sha256:03ae5850619abb34a879d5f2d4bb4dcd025d6d8fb72f5e461dae84edccfe129f"},
    {file = "numpy-1.22.2-cp39-cp39-macosx_10_14_x86_64.whl", hash = "sha256:d76a26c5118c4d96e264acc9e3242d72e1a2b92e739807b3b69d8d47684b6677"},
    {file = "numpy-1.22.2-cp39-cp39-macosx_11_0_arm64.whl", hash = "sha256:15efb7b93806d438e3bc590ca8ef2f953b0ce4f86f337ef4559d31ec6cf9d7dd"},
    {file = "numpy-1.22.2-cp39-cp39-manylinux_2_17_aarch64.manylinux2014_aarch64.whl", hash = "sha256:badca914580eb46385e7f7e4e426fea6de0a37b9e06bec252e481ae7ec287082"},
    {file = "numpy-1.22.2-cp39-cp39-manylinux_2_17_x86_64.manylinux2014_x86_64.whl", hash = "sha256:94dd11d9f13ea1be17bac39c1942f527cbf7065f94953cf62dfe805653da2f8f"},
    {file = "numpy-1.22.2-cp39-cp39-win32.whl", hash = "sha256:8cf33634b60c9cef346663a222d9841d3bbbc0a2f00221d6bcfd0d993d5543f6"},
    {file = "numpy-1.22.2-cp39-cp39-win_amd64.whl", hash = "sha256:59153979d60f5bfe9e4c00e401e24dfe0469ef8da6d68247439d3278f30a180f"},
    {file = "numpy-1.22.2-pp38-pypy38_pp73-manylinux_2_17_x86_64.manylinux2014_x86_64.whl", hash = "sha256:4a176959b6e7e00b5a0d6f549a479f869829bfd8150282c590deee6d099bbb6e"},
    {file = "numpy-1.22.2.zip", hash = "sha256:076aee5a3763d41da6bef9565fdf3cb987606f567cd8b104aded2b38b7b47abf"},
]
osqp = [
    {file = "osqp-0.6.2.post5-cp310-cp310-macosx_10_9_x86_64.whl", hash = "sha256:c7b3ae95221ad6f607dc4a69f36b7a0c71ca434ce85dcbf5cfa084770be5b249"},
    {file = "osqp-0.6.2.post5-cp310-cp310-manylinux_2_5_x86_64.manylinux1_x86_64.manylinux_2_17_x86_64.manylinux2014_x86_64.whl", hash = "sha256:26664bd4238f0f92642f532b23e61efba810a6debba0b3117300749f801e9c25"},
    {file = "osqp-0.6.2.post5-cp310-cp310-win_amd64.whl", hash = "sha256:ff71646bc9d55c5b3a72cc9b4197e51c36d25d8b2bb81f975d3ce7772ff188ec"},
    {file = "osqp-0.6.2.post5-cp36-cp36m-macosx_10_9_x86_64.whl", hash = "sha256:4ca601c5008600b3e0a408339be21f9d626c497b0b0c4dbe4ffe6d6dbbed1b9f"},
    {file = "osqp-0.6.2.post5-cp36-cp36m-manylinux_2_5_x86_64.manylinux1_x86_64.manylinux_2_17_x86_64.manylinux2014_x86_64.whl", hash = "sha256:c07602c8747ce7a177d091bb6d47ce8f214997a86b7577ddee4adae43e9ac92f"},
    {file = "osqp-0.6.2.post5-cp36-cp36m-win_amd64.whl", hash = "sha256:8c2e40e6788b860887d584a9929ad1c0e436aab8f82bb24da7b165034cb04017"},
    {file = "osqp-0.6.2.post5-cp37-cp37m-macosx_10_9_x86_64.whl", hash = "sha256:73a307a93fa7ab68b610e08637c95940070a27f11fda5a2e7a7095cfaff3f0ef"},
    {file = "osqp-0.6.2.post5-cp37-cp37m-manylinux_2_5_x86_64.manylinux1_x86_64.manylinux_2_17_x86_64.manylinux2014_x86_64.whl", hash = "sha256:77408f93ed261581fe498505c69480fb8584c8c0da2a2cd0710bb4bae0c872f5"},
    {file = "osqp-0.6.2.post5-cp37-cp37m-win_amd64.whl", hash = "sha256:648cb4e34caf0ee948b34a1d0b184f5233e30009090884e0d75503f868bf7b1f"},
    {file = "osqp-0.6.2.post5-cp38-cp38-macosx_10_9_x86_64.whl", hash = "sha256:51a315e02a4cb42e1911047ec6b2a44b67a269d4b5d37d7ee737654206915c82"},
    {file = "osqp-0.6.2.post5-cp38-cp38-manylinux_2_5_x86_64.manylinux1_x86_64.manylinux_2_17_x86_64.manylinux2014_x86_64.whl", hash = "sha256:c23bb95e6f72c6b253737edb9e4ef47ceccc3d891c287041ed5fe5f173d317bb"},
    {file = "osqp-0.6.2.post5-cp38-cp38-win_amd64.whl", hash = "sha256:908d42fb5d1d9cb36d74a8f3db69384ed1813f1a3e755367557395ce7cf05e16"},
    {file = "osqp-0.6.2.post5-cp39-cp39-macosx_10_9_x86_64.whl", hash = "sha256:c9470c5d58535d31080cb693568916a3e837f09dfa94819a85284b36b3626738"},
    {file = "osqp-0.6.2.post5-cp39-cp39-manylinux_2_5_x86_64.manylinux1_x86_64.manylinux_2_17_x86_64.manylinux2014_x86_64.whl", hash = "sha256:8003fc363f707daa46fef3af548e6a580372154d6cd49a7bf2f569ba5f807d15"},
    {file = "osqp-0.6.2.post5-cp39-cp39-win_amd64.whl", hash = "sha256:b1e30d6fa10ed11a95023d7308ec1588de3f5b049d09a4d0cc49e057f8e9ce47"},
    {file = "osqp-0.6.2.post5.tar.gz", hash = "sha256:b2fa17aae42a7ed498ec261b33f262bb4b3605e7e8464062159d9fae817f0d61"},
]
pandas = [
    {file = "pandas-1.4.1-cp310-cp310-macosx_10_9_universal2.whl", hash = "sha256:3dfb32ed50122fe8c5e7f2b8d97387edd742cc78f9ec36f007ee126cd3720907"},
    {file = "pandas-1.4.1-cp310-cp310-macosx_10_9_x86_64.whl", hash = "sha256:0259cd11e7e6125aaea3af823b80444f3adad6149ff4c97fef760093598b3e34"},
    {file = "pandas-1.4.1-cp310-cp310-macosx_11_0_arm64.whl", hash = "sha256:96e9ece5759f9b47ae43794b6359bbc54805d76e573b161ae770c1ea59393106"},
    {file = "pandas-1.4.1-cp310-cp310-manylinux_2_17_aarch64.manylinux2014_aarch64.whl", hash = "sha256:508c99debccd15790d526ce6b1624b97a5e1e4ca5b871319fb0ebfd46b8f4dad"},
    {file = "pandas-1.4.1-cp310-cp310-manylinux_2_17_x86_64.manylinux2014_x86_64.whl", hash = "sha256:e6a7bbbb7950063bfc942f8794bc3e31697c020a14f1cd8905fc1d28ec674a01"},
    {file = "pandas-1.4.1-cp310-cp310-win_amd64.whl", hash = "sha256:c614001129b2a5add5e3677c3a213a9e6fd376204cb8d17c04e84ff7dfc02a73"},
    {file = "pandas-1.4.1-cp38-cp38-macosx_10_9_universal2.whl", hash = "sha256:4e1176f45981c8ccc8161bc036916c004ca51037a7ed73f2d2a9857e6dbe654f"},
    {file = "pandas-1.4.1-cp38-cp38-macosx_10_9_x86_64.whl", hash = "sha256:bbb15ad79050e8b8d39ec40dd96a30cd09b886a2ae8848d0df1abba4d5502a67"},
    {file = "pandas-1.4.1-cp38-cp38-macosx_11_0_arm64.whl", hash = "sha256:6d6ad1da00c7cc7d8dd1559a6ba59ba3973be6b15722d49738b2be0977eb8a0c"},
    {file = "pandas-1.4.1-cp38-cp38-manylinux_2_17_aarch64.manylinux2014_aarch64.whl", hash = "sha256:358b0bc98a5ff067132d23bf7a2242ee95db9ea5b7bbc401cf79205f11502fd3"},
    {file = "pandas-1.4.1-cp38-cp38-manylinux_2_17_x86_64.manylinux2014_x86_64.whl", hash = "sha256:6105af6533f8b63a43ea9f08a2ede04e8f43e49daef0209ab0d30352bcf08bee"},
    {file = "pandas-1.4.1-cp38-cp38-win32.whl", hash = "sha256:04dd15d9db538470900c851498e532ef28d4e56bfe72c9523acb32042de43dfb"},
    {file = "pandas-1.4.1-cp38-cp38-win_amd64.whl", hash = "sha256:1b384516dbb4e6aae30e3464c2e77c563da5980440fbdfbd0968e3942f8f9d70"},
    {file = "pandas-1.4.1-cp39-cp39-macosx_10_9_universal2.whl", hash = "sha256:f02e85e6d832be37d7f16cf6ac8bb26b519ace3e5f3235564a91c7f658ab2a43"},
    {file = "pandas-1.4.1-cp39-cp39-macosx_10_9_x86_64.whl", hash = "sha256:0b1a13f647e4209ed7dbb5da3497891d0045da9785327530ab696417ef478f84"},
    {file = "pandas-1.4.1-cp39-cp39-macosx_11_0_arm64.whl", hash = "sha256:19f7c632436b1b4f84615c3b127bbd7bc603db95e3d4332ed259dc815c9aaa26"},
    {file = "pandas-1.4.1-cp39-cp39-manylinux_2_17_aarch64.manylinux2014_aarch64.whl", hash = "sha256:7ea47ba1d6f359680130bd29af497333be6110de8f4c35b9211eec5a5a9630fa"},
    {file = "pandas-1.4.1-cp39-cp39-manylinux_2_17_x86_64.manylinux2014_x86_64.whl", hash = "sha256:2e5a7a1e0ecaac652326af627a3eca84886da9e667d68286866d4e33f6547caf"},
    {file = "pandas-1.4.1-cp39-cp39-win32.whl", hash = "sha256:1d85d5f6be66dfd6d1d8d13b9535e342a2214260f1852654b19fa4d7b8d1218b"},
    {file = "pandas-1.4.1-cp39-cp39-win_amd64.whl", hash = "sha256:3129a35d9dad1d80c234dd78f8f03141b914395d23f97cf92a366dcd19f8f8bf"},
    {file = "pandas-1.4.1.tar.gz", hash = "sha256:8db93ec98ac7cb5f8ac1420c10f5e3c43533153f253fe7fb6d891cf5aa2b80d2"},
]
python-dateutil = [
    {file = "python-dateutil-2.8.2.tar.gz", hash = "sha256:0123cacc1627ae19ddf3c27a5de5bd67ee4586fbdd6440d9748f8abb483d3e86"},
    {file = "python_dateutil-2.8.2-py2.py3-none-any.whl", hash = "sha256:961d03dc3453ebbc59dbdea9e4e11c5651520a876d0f4db161e8674aae935da9"},
]
pytz = [
    {file = "pytz-2021.3-py2.py3-none-any.whl", hash = "sha256:3672058bc3453457b622aab7a1c3bfd5ab0bdae451512f6cf25f64ed37f5b87c"},
    {file = "pytz-2021.3.tar.gz", hash = "sha256:acad2d8b20a1af07d4e4c9d2e9285c5ed9104354062f275f3fcd88dcef4f1326"},
]
qdldl = [
    {file = "qdldl-0.1.5.post0-cp35-cp35m-macosx_10_9_x86_64.whl", hash = "sha256:787d59b4301608e96bdf32ab3a572d9f41b3ea08581774826720986e18da261e"},
    {file = "qdldl-0.1.5.post0-cp35-cp35m-manylinux2014_x86_64.whl", hash = "sha256:223dd49f4aa625c727c3053e9f62814fab2f929e0575b34dd1f38e66b536a849"},
    {file = "qdldl-0.1.5.post0-cp35-cp35m-win_amd64.whl", hash = "sha256:cd0090d5512a8e386534a755f9ebd8be82087d401746cebbfb9f9faa21073c39"},
    {file = "qdldl-0.1.5.post0-cp36-cp36m-macosx_10_9_x86_64.whl", hash = "sha256:3e5e2ee6b45dd655120ca8d6645331c800c494ce765bc0674714ba86e1ebec7d"},
    {file = "qdldl-0.1.5.post0-cp36-cp36m-manylinux2014_x86_64.whl", hash = "sha256:a2ab0d4618d5516101fc0ce99c873df61a085c3d7cb4d8347d5eca818795e48f"},
    {file = "qdldl-0.1.5.post0-cp36-cp36m-win_amd64.whl", hash = "sha256:ac7a2891628554de6260132fa090c5b00cf32ae083ece4991a43b887ec6f2114"},
    {file = "qdldl-0.1.5.post0-cp37-cp37m-macosx_10_9_x86_64.whl", hash = "sha256:817a226b2450e56c50f61a92b727c69f50a4d043876e5f1bcdff096c5a82bc37"},
    {file = "qdldl-0.1.5.post0-cp37-cp37m-manylinux2014_x86_64.whl", hash = "sha256:c10f91dda6a422a6d879668fd293132c8939431fffe64abd9700dce170a3aec4"},
    {file = "qdldl-0.1.5.post0-cp37-cp37m-win_amd64.whl", hash = "sha256:e70c57ea65d0bb09708bc9ecafd4fb4b797e64af4da475404e6bcf5a2cc92596"},
    {file = "qdldl-0.1.5.post0-cp38-cp38-macosx_10_9_x86_64.whl", hash = "sha256:64f531ef2a12cc77be85045cdffdb2fe339244c73fc07aebe49977541bfc7e79"},
    {file = "qdldl-0.1.5.post0-cp38-cp38-manylinux2014_x86_64.whl", hash = "sha256:cff34b89258a3c9b1b398f1c8eeb480a9c4ae2ba14c4ffc8c78cdb123dab11c6"},
    {file = "qdldl-0.1.5.post0-cp38-cp38-win_amd64.whl", hash = "sha256:3a7ec584aaddff7036d22013c911132572f3d59c65ec6bf7e32beb01765accc4"},
    {file = "qdldl-0.1.5.post0-cp39-cp39-macosx_10_9_x86_64.whl", hash = "sha256:a7c086ae21a2b2e43b31ac6a5024c79dadf16e7c3152eda9e3263cefe1675e26"},
    {file = "qdldl-0.1.5.post0-cp39-cp39-manylinux2014_x86_64.whl", hash = "sha256:2c09f4b1a1c6f3a0579af004443417e084491e7c844ff9fb73170bb5d43f70b5"},
    {file = "qdldl-0.1.5.post0-cp39-cp39-win_amd64.whl", hash = "sha256:640cab781f87c2f1c04ada65615b3d1d136d319c4595176f37e2e3c99149108f"},
    {file = "qdldl-0.1.5.post0.tar.gz", hash = "sha256:c392c7427651d8b226423c7aba4a0f2338a1f38a4bbdabac6bc4afd8bc934f06"},
]
scipy = [
    {file = "scipy-1.6.1-cp37-cp37m-macosx_10_9_x86_64.whl", hash = "sha256:a15a1f3fc0abff33e792d6049161b7795909b40b97c6cc2934ed54384017ab76"},
    {file = "scipy-1.6.1-cp37-cp37m-manylinux1_i686.whl", hash = "sha256:e79570979ccdc3d165456dd62041d9556fb9733b86b4b6d818af7a0afc15f092"},
    {file = "scipy-1.6.1-cp37-cp37m-manylinux1_x86_64.whl", hash = "sha256:a423533c55fec61456dedee7b6ee7dce0bb6bfa395424ea374d25afa262be261"},
    {file = "scipy-1.6.1-cp37-cp37m-manylinux2014_aarch64.whl", hash = "sha256:33d6b7df40d197bdd3049d64e8e680227151673465e5d85723b3b8f6b15a6ced"},
    {file = "scipy-1.6.1-cp37-cp37m-win32.whl", hash = "sha256:6725e3fbb47da428794f243864f2297462e9ee448297c93ed1dcbc44335feb78"},
    {file = "scipy-1.6.1-cp37-cp37m-win_amd64.whl", hash = "sha256:5fa9c6530b1661f1370bcd332a1e62ca7881785cc0f80c0d559b636567fab63c"},
    {file = "scipy-1.6.1-cp38-cp38-macosx_10_9_x86_64.whl", hash = "sha256:bd50daf727f7c195e26f27467c85ce653d41df4358a25b32434a50d8870fc519"},
    {file = "scipy-1.6.1-cp38-cp38-manylinux1_i686.whl", hash = "sha256:f46dd15335e8a320b0fb4685f58b7471702234cba8bb3442b69a3e1dc329c345"},
    {file = "scipy-1.6.1-cp38-cp38-manylinux1_x86_64.whl", hash = "sha256:0e5b0ccf63155d90da576edd2768b66fb276446c371b73841e3503be1d63fb5d"},
    {file = "scipy-1.6.1-cp38-cp38-manylinux2014_aarch64.whl", hash = "sha256:2481efbb3740977e3c831edfd0bd9867be26387cacf24eb5e366a6a374d3d00d"},
    {file = "scipy-1.6.1-cp38-cp38-win32.whl", hash = "sha256:68cb4c424112cd4be886b4d979c5497fba190714085f46b8ae67a5e4416c32b4"},
    {file = "scipy-1.6.1-cp38-cp38-win_amd64.whl", hash = "sha256:5f331eeed0297232d2e6eea51b54e8278ed8bb10b099f69c44e2558c090d06bf"},
    {file = "scipy-1.6.1-cp39-cp39-macosx_10_9_x86_64.whl", hash = "sha256:0c8a51d33556bf70367452d4d601d1742c0e806cd0194785914daf19775f0e67"},
    {file = "scipy-1.6.1-cp39-cp39-manylinux1_i686.whl", hash = "sha256:83bf7c16245c15bc58ee76c5418e46ea1811edcc2e2b03041b804e46084ab627"},
    {file = "scipy-1.6.1-cp39-cp39-manylinux1_x86_64.whl", hash = "sha256:794e768cc5f779736593046c9714e0f3a5940bc6dcc1dba885ad64cbfb28e9f0"},
    {file = "scipy-1.6.1-cp39-cp39-manylinux2014_aarch64.whl", hash = "sha256:5da5471aed911fe7e52b86bf9ea32fb55ae93e2f0fac66c32e58897cfb02fa07"},
    {file = "scipy-1.6.1-cp39-cp39-win32.whl", hash = "sha256:8e403a337749ed40af60e537cc4d4c03febddcc56cd26e774c9b1b600a70d3e4"},
    {file = "scipy-1.6.1-cp39-cp39-win_amd64.whl", hash = "sha256:a5193a098ae9f29af283dcf0041f762601faf2e595c0db1da929875b7570353f"},
    {file = "scipy-1.6.1.tar.gz", hash = "sha256:c4fceb864890b6168e79b0e714c585dbe2fd4222768ee90bc1aa0f8218691b11"},
]
scs = [
    {file = "scs-3.2.0-cp310-cp310-macosx_10_9_x86_64.whl", hash = "sha256:727d14eb509430c6f1524d97a7195d35241afde0514df2658d6d5adcf6db3342"},
    {file = "scs-3.2.0-cp310-cp310-manylinux_2_17_x86_64.manylinux2014_x86_64.whl", hash = "sha256:b559307b1ffcd72d1e8ecf6473c047834c546f65b1a90f560265dd5b24c36ba1"},
    {file = "scs-3.2.0-cp310-cp310-win_amd64.whl", hash = "sha256:438514dea72896805f15f0f66596393217abb3072c2be53f894b176866f00be4"},
    {file = "scs-3.2.0-cp36-cp36m-macosx_10_9_x86_64.whl", hash = "sha256:1ec501ed06cc07bf291256c3ed0a5a02361ef655aee3e034a5cbc0acfc12c6e2"},
    {file = "scs-3.2.0-cp36-cp36m-manylinux_2_17_x86_64.manylinux2014_x86_64.whl", hash = "sha256:f501e270b000ab61f8cde7793e8e44bec161cb7087944d8404bb3744b44ac932"},
    {file = "scs-3.2.0-cp36-cp36m-win_amd64.whl", hash = "sha256:4532a19e05cd7f115aa724606d0e39a72bbee366f5952d8e90d58954979eeb49"},
    {file = "scs-3.2.0-cp37-cp37m-macosx_10_9_x86_64.whl", hash = "sha256:0db0c7f4bd58dd7393d75aeb937854067297e26a3714c413c072bbaed069de05"},
    {file = "scs-3.2.0-cp37-cp37m-manylinux_2_17_x86_64.manylinux2014_x86_64.whl", hash = "sha256:fc5241cbc1da00b38a2c24a6ea427ee9f771879b9d7e9f5a8ff48bb2e270cdfd"},
    {file = "scs-3.2.0-cp37-cp37m-win_amd64.whl", hash = "sha256:a4c86eeadcb40350b74721d655fb9a8eb7e16ed2962fe4ae64473d0d47d276a1"},
    {file = "scs-3.2.0-cp38-cp38-macosx_10_9_x86_64.whl", hash = "sha256:390770e9af094f81f9c30ce11f119131e1db71f4663d28e1ec5c4fdbe9bf77b0"},
    {file = "scs-3.2.0-cp38-cp38-manylinux_2_17_x86_64.manylinux2014_x86_64.whl", hash = "sha256:ab1c5fada8b19d5413b4cfad9ede834d4cfdd479cc77598d927003657177b3f2"},
    {file = "scs-3.2.0-cp38-cp38-win_amd64.whl", hash = "sha256:9f8de9e078a1455dbb1995ce4494d9f88c5bf345f6e89c84714ebb89a7121593"},
    {file = "scs-3.2.0-cp39-cp39-macosx_10_9_x86_64.whl", hash = "sha256:76aa5b5d0b1baef4b675d1cde24da39b9bb7cbc6e05d437fd0c33071ca1de364"},
    {file = "scs-3.2.0-cp39-cp39-manylinux_2_17_x86_64.manylinux2014_x86_64.whl", hash = "sha256:fafefeec16d6d9117629b4776e54da5adb40200888fce9519e4b017931d2062a"},
    {file = "scs-3.2.0-cp39-cp39-win_amd64.whl", hash = "sha256:f3153e032f22c86f4b3c0024b6dca517dd243c7e26c01ccdd7747198af44a9f8"},
    {file = "scs-3.2.0.tar.gz", hash = "sha256:6a180d86f61999db50b6a305872056b798740c87c4245006924dd654b6a998dd"},
]
six = [
    {file = "six-1.16.0-py2.py3-none-any.whl", hash = "sha256:8abb2f1d86890a2dfb989f9a77cfcfd3e47c2a354b01111771326f8aa26e0254"},
    {file = "six-1.16.0.tar.gz", hash = "sha256:1e61c37477a1626458e36f7b1d82aa5c9b094fa4802892072e49de9c60c4c926"},
]
